// !$*UTF8*$!
{
	archiveVersion = 1;
	classes = {
	};
	objectVersion = 48;
	objects = {

/* Begin PBXBuildFile section */
		24F5E48C2045F1D4005B0CDF /* AppDelegate.swift in Sources */ = {isa = PBXBuildFile; fileRef = 24F5E48B2045F1D4005B0CDF /* AppDelegate.swift */; };
		24F5E48E2045F1D4005B0CDF /* ViewController.swift in Sources */ = {isa = PBXBuildFile; fileRef = 24F5E48D2045F1D4005B0CDF /* ViewController.swift */; };
		24F5E4912045F1D4005B0CDF /* Main.storyboard in Resources */ = {isa = PBXBuildFile; fileRef = 24F5E48F2045F1D4005B0CDF /* Main.storyboard */; };
		24F5E4932045F1D4005B0CDF /* Assets.xcassets in Resources */ = {isa = PBXBuildFile; fileRef = 24F5E4922045F1D4005B0CDF /* Assets.xcassets */; };
		24F5E4962045F1D4005B0CDF /* LaunchScreen.storyboard in Resources */ = {isa = PBXBuildFile; fileRef = 24F5E4942045F1D4005B0CDF /* LaunchScreen.storyboard */; };
		24F5E4A020461568005B0CDF /* Textures in Resources */ = {isa = PBXBuildFile; fileRef = 24F5E49F20461568005B0CDF /* Textures */; };
		24F5E4A3204615DA005B0CDF /* art.scnassets in Resources */ = {isa = PBXBuildFile; fileRef = 24F5E4A2204615DA005B0CDF /* art.scnassets */; };
		F15F729D1126803B34EB9D47 /* Pods_WhackAJellyFish.framework in Frameworks */ = {isa = PBXBuildFile; fileRef = 050E5B55160209D62E65FF6E /* Pods_WhackAJellyFish.framework */; };
/* End PBXBuildFile section */

/* Begin PBXFileReference section */
		050E5B55160209D62E65FF6E /* Pods_WhackAJellyFish.framework */ = {isa = PBXFileReference; explicitFileType = wrapper.framework; includeInIndex = 0; path = Pods_WhackAJellyFish.framework; sourceTree = BUILT_PRODUCTS_DIR; };
		24F5E4882045F1D4005B0CDF /* WhackAJellyFish.app */ = {isa = PBXFileReference; explicitFileType = wrapper.application; includeInIndex = 0; path = WhackAJellyFish.app; sourceTree = BUILT_PRODUCTS_DIR; };
		24F5E48B2045F1D4005B0CDF /* AppDelegate.swift */ = {isa = PBXFileReference; lastKnownFileType = sourcecode.swift; path = AppDelegate.swift; sourceTree = "<group>"; };
		24F5E48D2045F1D4005B0CDF /* ViewController.swift */ = {isa = PBXFileReference; lastKnownFileType = sourcecode.swift; path = ViewController.swift; sourceTree = "<group>"; };
		24F5E4902045F1D4005B0CDF /* Base */ = {isa = PBXFileReference; lastKnownFileType = file.storyboard; name = Base; path = Base.lproj/Main.storyboard; sourceTree = "<group>"; };
		24F5E4922045F1D4005B0CDF /* Assets.xcassets */ = {isa = PBXFileReference; lastKnownFileType = folder.assetcatalog; path = Assets.xcassets; sourceTree = "<group>"; };
		24F5E4952045F1D4005B0CDF /* Base */ = {isa = PBXFileReference; lastKnownFileType = file.storyboard; name = Base; path = Base.lproj/LaunchScreen.storyboard; sourceTree = "<group>"; };
		24F5E4972045F1D4005B0CDF /* Info.plist */ = {isa = PBXFileReference; lastKnownFileType = text.plist.xml; path = Info.plist; sourceTree = "<group>"; };
		24F5E49F20461568005B0CDF /* Textures */ = {isa = PBXFileReference; lastKnownFileType = folder; path = Textures; sourceTree = "<group>"; };
		24F5E4A2204615DA005B0CDF /* art.scnassets */ = {isa = PBXFileReference; lastKnownFileType = wrapper.scnassets; path = art.scnassets; sourceTree = "<group>"; };
		4D7D1D586D0DA4ED565FDC82 /* Pods-WhackAJellyFish.release.xcconfig */ = {isa = PBXFileReference; includeInIndex = 1; lastKnownFileType = text.xcconfig; name = "Pods-WhackAJellyFish.release.xcconfig"; path = "Pods/Target Support Files/Pods-WhackAJellyFish/Pods-WhackAJellyFish.release.xcconfig"; sourceTree = "<group>"; };
		69A2C4BE2635EAC166854477 /* Pods-WhackAJellyFish.debug.xcconfig */ = {isa = PBXFileReference; includeInIndex = 1; lastKnownFileType = text.xcconfig; name = "Pods-WhackAJellyFish.debug.xcconfig"; path = "Pods/Target Support Files/Pods-WhackAJellyFish/Pods-WhackAJellyFish.debug.xcconfig"; sourceTree = "<group>"; };
/* End PBXFileReference section */

/* Begin PBXFrameworksBuildPhase section */
		24F5E4852045F1D4005B0CDF /* Frameworks */ = {
			isa = PBXFrameworksBuildPhase;
			buildActionMask = 2147483647;
			files = (
				F15F729D1126803B34EB9D47 /* Pods_WhackAJellyFish.framework in Frameworks */,
			);
			runOnlyForDeploymentPostprocessing = 0;
		};
/* End PBXFrameworksBuildPhase section */

/* Begin PBXGroup section */
		24F5E47F2045F1D4005B0CDF = {
			isa = PBXGroup;
			children = (
				24F5E48A2045F1D4005B0CDF /* WhackAJellyFish */,
				24F5E4892045F1D4005B0CDF /* Products */,
				4582D83F00C692DB3F691683 /* Pods */,
				852D381591150142D883AC8F /* Frameworks */,
			);
			sourceTree = "<group>";
		};
		24F5E4892045F1D4005B0CDF /* Products */ = {
			isa = PBXGroup;
			children = (
				24F5E4882045F1D4005B0CDF /* WhackAJellyFish.app */,
			);
			name = Products;
			sourceTree = "<group>";
		};
		24F5E48A2045F1D4005B0CDF /* WhackAJellyFish */ = {
			isa = PBXGroup;
			children = (
				24F5E49F20461568005B0CDF /* Textures */,
				24F5E48B2045F1D4005B0CDF /* AppDelegate.swift */,
				24F5E48D2045F1D4005B0CDF /* ViewController.swift */,
				24F5E48F2045F1D4005B0CDF /* Main.storyboard */,
				24F5E4922045F1D4005B0CDF /* Assets.xcassets */,
				24F5E4942045F1D4005B0CDF /* LaunchScreen.storyboard */,
				24F5E4972045F1D4005B0CDF /* Info.plist */,
				24F5E4A2204615DA005B0CDF /* art.scnassets */,
			);
			path = WhackAJellyFish;
			sourceTree = "<group>";
		};
		4582D83F00C692DB3F691683 /* Pods */ = {
			isa = PBXGroup;
			children = (
				69A2C4BE2635EAC166854477 /* Pods-WhackAJellyFish.debug.xcconfig */,
				4D7D1D586D0DA4ED565FDC82 /* Pods-WhackAJellyFish.release.xcconfig */,
			);
			name = Pods;
			sourceTree = "<group>";
		};
		852D381591150142D883AC8F /* Frameworks */ = {
			isa = PBXGroup;
			children = (
				050E5B55160209D62E65FF6E /* Pods_WhackAJellyFish.framework */,
			);
			name = Frameworks;
			sourceTree = "<group>";
		};
/* End PBXGroup section */

/* Begin PBXNativeTarget section */
		24F5E4872045F1D4005B0CDF /* WhackAJellyFish */ = {
			isa = PBXNativeTarget;
			buildConfigurationList = 24F5E49A2045F1D4005B0CDF /* Build configuration list for PBXNativeTarget "WhackAJellyFish" */;
			buildPhases = (
				015197BBB7A79E93FF35B3D8 /* [CP] Check Pods Manifest.lock */,
				24F5E4842045F1D4005B0CDF /* Sources */,
				24F5E4852045F1D4005B0CDF /* Frameworks */,
				24F5E4862045F1D4005B0CDF /* Resources */,
				0D789D007551A4C7F48F1B7C /* [CP] Embed Pods Frameworks */,
				FF6BF8A0EDB8B67CCA507372 /* [CP] Copy Pods Resources */,
			);
			buildRules = (
			);
			dependencies = (
			);
			name = WhackAJellyFish;
			productName = WhackAJellyFish;
			productReference = 24F5E4882045F1D4005B0CDF /* WhackAJellyFish.app */;
			productType = "com.apple.product-type.application";
		};
/* End PBXNativeTarget section */

/* Begin PBXProject section */
		24F5E4802045F1D4005B0CDF /* Project object */ = {
			isa = PBXProject;
			attributes = {
				LastSwiftUpdateCheck = 0920;
				LastUpgradeCheck = 0920;
				ORGANIZATIONNAME = "Dan Avram";
				TargetAttributes = {
					24F5E4872045F1D4005B0CDF = {
						CreatedOnToolsVersion = 9.2;
						ProvisioningStyle = Automatic;
					};
				};
			};
			buildConfigurationList = 24F5E4832045F1D4005B0CDF /* Build configuration list for PBXProject "WhackAJellyFish" */;
			compatibilityVersion = "Xcode 8.0";
			developmentRegion = en;
			hasScannedForEncodings = 0;
			knownRegions = (
				en,
				Base,
			);
			mainGroup = 24F5E47F2045F1D4005B0CDF;
			productRefGroup = 24F5E4892045F1D4005B0CDF /* Products */;
			projectDirPath = "";
			projectRoot = "";
			targets = (
				24F5E4872045F1D4005B0CDF /* WhackAJellyFish */,
			);
		};
/* End PBXProject section */

/* Begin PBXResourcesBuildPhase section */
		24F5E4862045F1D4005B0CDF /* Resources */ = {
			isa = PBXResourcesBuildPhase;
			buildActionMask = 2147483647;
			files = (
				24F5E4962045F1D4005B0CDF /* LaunchScreen.storyboard in Resources */,
				24F5E4932045F1D4005B0CDF /* Assets.xcassets in Resources */,
				24F5E4A3204615DA005B0CDF /* art.scnassets in Resources */,
				24F5E4A020461568005B0CDF /* Textures in Resources */,
				24F5E4912045F1D4005B0CDF /* Main.storyboard in Resources */,
			);
			runOnlyForDeploymentPostprocessing = 0;
		};
/* End PBXResourcesBuildPhase section */

/* Begin PBXShellScriptBuildPhase section */
		015197BBB7A79E93FF35B3D8 /* [CP] Check Pods Manifest.lock */ = {
			isa = PBXShellScriptBuildPhase;
			buildActionMask = 2147483647;
			files = (
			);
			inputPaths = (
				"${PODS_PODFILE_DIR_PATH}/Podfile.lock",
				"${PODS_ROOT}/Manifest.lock",
			);
			name = "[CP] Check Pods Manifest.lock";
			outputPaths = (
				"$(DERIVED_FILE_DIR)/Pods-WhackAJellyFish-checkManifestLockResult.txt",
			);
			runOnlyForDeploymentPostprocessing = 0;
			shellPath = /bin/sh;
			shellScript = "diff \"${PODS_PODFILE_DIR_PATH}/Podfile.lock\" \"${PODS_ROOT}/Manifest.lock\" > /dev/null\nif [ $? != 0 ] ; then\n    # print error to STDERR\n    echo \"error: The sandbox is not in sync with the Podfile.lock. Run 'pod install' or update your CocoaPods installation.\" >&2\n    exit 1\nfi\n# This output is used by Xcode 'outputs' to avoid re-running this script phase.\necho \"SUCCESS\" > \"${SCRIPT_OUTPUT_FILE_0}\"\n";
			showEnvVarsInLog = 0;
		};
		0D789D007551A4C7F48F1B7C /* [CP] Embed Pods Frameworks */ = {
			isa = PBXShellScriptBuildPhase;
			buildActionMask = 2147483647;
			files = (
			);
			inputPaths = (
				"${SRCROOT}/Pods/Target Support Files/Pods-WhackAJellyFish/Pods-WhackAJellyFish-frameworks.sh",
				"${BUILT_PRODUCTS_DIR}/Each/Each.framework",
			);
			name = "[CP] Embed Pods Frameworks";
			outputPaths = (
				"${TARGET_BUILD_DIR}/${FRAMEWORKS_FOLDER_PATH}/Each.framework",
			);
			runOnlyForDeploymentPostprocessing = 0;
			shellPath = /bin/sh;
			shellScript = "\"${SRCROOT}/Pods/Target Support Files/Pods-WhackAJellyFish/Pods-WhackAJellyFish-frameworks.sh\"\n";
			showEnvVarsInLog = 0;
		};
		FF6BF8A0EDB8B67CCA507372 /* [CP] Copy Pods Resources */ = {
			isa = PBXShellScriptBuildPhase;
			buildActionMask = 2147483647;
			files = (
			);
			inputPaths = (
			);
			name = "[CP] Copy Pods Resources";
			outputPaths = (
			);
			runOnlyForDeploymentPostprocessing = 0;
			shellPath = /bin/sh;
			shellScript = "\"${SRCROOT}/Pods/Target Support Files/Pods-WhackAJellyFish/Pods-WhackAJellyFish-resources.sh\"\n";
			showEnvVarsInLog = 0;
		};
/* End PBXShellScriptBuildPhase section */

/* Begin PBXSourcesBuildPhase section */
		24F5E4842045F1D4005B0CDF /* Sources */ = {
			isa = PBXSourcesBuildPhase;
			buildActionMask = 2147483647;
			files = (
				24F5E48E2045F1D4005B0CDF /* ViewController.swift in Sources */,
				24F5E48C2045F1D4005B0CDF /* AppDelegate.swift in Sources */,
			);
			runOnlyForDeploymentPostprocessing = 0;
		};
/* End PBXSourcesBuildPhase section */

/* Begin PBXVariantGroup section */
		24F5E48F2045F1D4005B0CDF /* Main.storyboard */ = {
			isa = PBXVariantGroup;
			children = (
				24F5E4902045F1D4005B0CDF /* Base */,
			);
			name = Main.storyboard;
			sourceTree = "<group>";
		};
		24F5E4942045F1D4005B0CDF /* LaunchScreen.storyboard */ = {
			isa = PBXVariantGroup;
			children = (
				24F5E4952045F1D4005B0CDF /* Base */,
			);
			name = LaunchScreen.storyboard;
			sourceTree = "<group>";
		};
/* End PBXVariantGroup section */

/* Begin XCBuildConfiguration section */
		24F5E4982045F1D4005B0CDF /* Debug */ = {
			isa = XCBuildConfiguration;
			buildSettings = {
				ALWAYS_SEARCH_USER_PATHS = NO;
				CLANG_ANALYZER_NONNULL = YES;
				CLANG_ANALYZER_NUMBER_OBJECT_CONVERSION = YES_AGGRESSIVE;
				CLANG_CXX_LANGUAGE_STANDARD = "gnu++14";
				CLANG_CXX_LIBRARY = "libc++";
				CLANG_ENABLE_MODULES = YES;
				CLANG_ENABLE_OBJC_ARC = YES;
				CLANG_WARN_BLOCK_CAPTURE_AUTORELEASING = YES;
				CLANG_WARN_BOOL_CONVERSION = YES;
				CLANG_WARN_COMMA = YES;
				CLANG_WARN_CONSTANT_CONVERSION = YES;
				CLANG_WARN_DIRECT_OBJC_ISA_USAGE = YES_ERROR;
				CLANG_WARN_DOCUMENTATION_COMMENTS = YES;
				CLANG_WARN_EMPTY_BODY = YES;
				CLANG_WARN_ENUM_CONVERSION = YES;
				CLANG_WARN_INFINITE_RECURSION = YES;
				CLANG_WARN_INT_CONVERSION = YES;
				CLANG_WARN_NON_LITERAL_NULL_CONVERSION = YES;
				CLANG_WARN_OBJC_LITERAL_CONVERSION = YES;
				CLANG_WARN_OBJC_ROOT_CLASS = YES_ERROR;
				CLANG_WARN_RANGE_LOOP_ANALYSIS = YES;
				CLANG_WARN_STRICT_PROTOTYPES = YES;
				CLANG_WARN_SUSPICIOUS_MOVE = YES;
				CLANG_WARN_UNGUARDED_AVAILABILITY = YES_AGGRESSIVE;
				CLANG_WARN_UNREACHABLE_CODE = YES;
				CLANG_WARN__DUPLICATE_METHOD_MATCH = YES;
				CODE_SIGN_IDENTITY = "iPhone Developer";
				COPY_PHASE_STRIP = NO;
				DEBUG_INFORMATION_FORMAT = dwarf;
				ENABLE_STRICT_OBJC_MSGSEND = YES;
				ENABLE_TESTABILITY = YES;
				GCC_C_LANGUAGE_STANDARD = gnu11;
				GCC_DYNAMIC_NO_PIC = NO;
				GCC_NO_COMMON_BLOCKS = YES;
				GCC_OPTIMIZATION_LEVEL = 0;
				GCC_PREPROCESSOR_DEFINITIONS = (
					"DEBUG=1",
					"$(inherited)",
				);
				GCC_WARN_64_TO_32_BIT_CONVERSION = YES;
				GCC_WARN_ABOUT_RETURN_TYPE = YES_ERROR;
				GCC_WARN_UNDECLARED_SELECTOR = YES;
				GCC_WARN_UNINITIALIZED_AUTOS = YES_AGGRESSIVE;
				GCC_WARN_UNUSED_FUNCTION = YES;
				GCC_WARN_UNUSED_VARIABLE = YES;
				IPHONEOS_DEPLOYMENT_TARGET = 11.2;
				MTL_ENABLE_DEBUG_INFO = YES;
				ONLY_ACTIVE_ARCH = YES;
				SDKROOT = iphoneos;
				SWIFT_ACTIVE_COMPILATION_CONDITIONS = DEBUG;
				SWIFT_OPTIMIZATION_LEVEL = "-Onone";
			};
			name = Debug;
		};
		24F5E4992045F1D4005B0CDF /* Release */ = {
			isa = XCBuildConfiguration;
			buildSettings = {
				ALWAYS_SEARCH_USER_PATHS = NO;
				CLANG_ANALYZER_NONNULL = YES;
				CLANG_ANALYZER_NUMBER_OBJECT_CONVERSION = YES_AGGRESSIVE;
				CLANG_CXX_LANGUAGE_STANDARD = "gnu++14";
				CLANG_CXX_LIBRARY = "libc++";
				CLANG_ENABLE_MODULES = YES;
				CLANG_ENABLE_OBJC_ARC = YES;
				CLANG_WARN_BLOCK_CAPTURE_AUTORELEASING = YES;
				CLANG_WARN_BOOL_CONVERSION = YES;
				CLANG_WARN_COMMA = YES;
				CLANG_WARN_CONSTANT_CONVERSION = YES;
				CLANG_WARN_DIRECT_OBJC_ISA_USAGE = YES_ERROR;
				CLANG_WARN_DOCUMENTATION_COMMENTS = YES;
				CLANG_WARN_EMPTY_BODY = YES;
				CLANG_WARN_ENUM_CONVERSION = YES;
				CLANG_WARN_INFINITE_RECURSION = YES;
				CLANG_WARN_INT_CONVERSION = YES;
				CLANG_WARN_NON_LITERAL_NULL_CONVERSION = YES;
				CLANG_WARN_OBJC_LITERAL_CONVERSION = YES;
				CLANG_WARN_OBJC_ROOT_CLASS = YES_ERROR;
				CLANG_WARN_RANGE_LOOP_ANALYSIS = YES;
				CLANG_WARN_STRICT_PROTOTYPES = YES;
				CLANG_WARN_SUSPICIOUS_MOVE = YES;
				CLANG_WARN_UNGUARDED_AVAILABILITY = YES_AGGRESSIVE;
				CLANG_WARN_UNREACHABLE_CODE = YES;
				CLANG_WARN__DUPLICATE_METHOD_MATCH = YES;
				CODE_SIGN_IDENTITY = "iPhone Developer";
				COPY_PHASE_STRIP = NO;
				DEBUG_INFORMATION_FORMAT = "dwarf-with-dsym";
				ENABLE_NS_ASSERTIONS = NO;
				ENABLE_STRICT_OBJC_MSGSEND = YES;
				GCC_C_LANGUAGE_STANDARD = gnu11;
				GCC_NO_COMMON_BLOCKS = YES;
				GCC_WARN_64_TO_32_BIT_CONVERSION = YES;
				GCC_WARN_ABOUT_RETURN_TYPE = YES_ERROR;
				GCC_WARN_UNDECLARED_SELECTOR = YES;
				GCC_WARN_UNINITIALIZED_AUTOS = YES_AGGRESSIVE;
				GCC_WARN_UNUSED_FUNCTION = YES;
				GCC_WARN_UNUSED_VARIABLE = YES;
				IPHONEOS_DEPLOYMENT_TARGET = 11.2;
				MTL_ENABLE_DEBUG_INFO = NO;
				SDKROOT = iphoneos;
				SWIFT_OPTIMIZATION_LEVEL = "-Owholemodule";
				VALIDATE_PRODUCT = YES;
			};
			name = Release;
		};
		24F5E49B2045F1D4005B0CDF /* Debug */ = {
			isa = XCBuildConfiguration;
			baseConfigurationReference = 69A2C4BE2635EAC166854477 /* Pods-WhackAJellyFish.debug.xcconfig */;
			buildSettings = {
				ASSETCATALOG_COMPILER_APPICON_NAME = AppIcon;
				CODE_SIGN_STYLE = Automatic;
				DEVELOPMENT_TEAM = J98SJ4M459;
				INFOPLIST_FILE = WhackAJellyFish/Info.plist;
				LD_RUNPATH_SEARCH_PATHS = "$(inherited) @executable_path/Frameworks";
				PRODUCT_BUNDLE_IDENTIFIER = com.danAvram.WhackAJellyFish;
				PRODUCT_NAME = "$(TARGET_NAME)";
				SWIFT_VERSION = 4.0;
				TARGETED_DEVICE_FAMILY = "1,2";
			};
			name = Debug;
		};
		24F5E49C2045F1D4005B0CDF /* Release */ = {
			isa = XCBuildConfiguration;
			baseConfigurationReference = 4D7D1D586D0DA4ED565FDC82 /* Pods-WhackAJellyFish.release.xcconfig */;
			buildSettings = {
				ASSETCATALOG_COMPILER_APPICON_NAME = AppIcon;
				CODE_SIGN_STYLE = Automatic;
				DEVELOPMENT_TEAM = J98SJ4M459;
				INFOPLIST_FILE = WhackAJellyFish/Info.plist;
				LD_RUNPATH_SEARCH_PATHS = "$(inherited) @executable_path/Frameworks";
				PRODUCT_BUNDLE_IDENTIFIER = com.danAvram.WhackAJellyFish;
				PRODUCT_NAME = "$(TARGET_NAME)";
				SWIFT_VERSION = 4.0;
				TARGETED_DEVICE_FAMILY = "1,2";
			};
			name = Release;
		};
/* End XCBuildConfiguration section */

/* Begin XCConfigurationList section */
		24F5E4832045F1D4005B0CDF /* Build configuration list for PBXProject "WhackAJellyFish" */ = {
			isa = XCConfigurationList;
			buildConfigurations = (
				24F5E4982045F1D4005B0CDF /* Debug */,
				24F5E4992045F1D4005B0CDF /* Release */,
			);
			defaultConfigurationIsVisible = 0;
			defaultConfigurationName = Release;
		};
		24F5E49A2045F1D4005B0CDF /* Build configuration list for PBXNativeTarget "WhackAJellyFish" */ = {
			isa = XCConfigurationList;
			buildConfigurations = (
				24F5E49B2045F1D4005B0CDF /* Debug */,
				24F5E49C2045F1D4005B0CDF /* Release */,
			);
			defaultConfigurationIsVisible = 0;
			defaultConfigurationName = Release;
		};
/* End XCConfigurationList section */
	};
	rootObject = 24F5E4802045F1D4005B0CDF /* Project object */;
}
